Microsoft Visual Studio Solution File, Format Version 12.00
# Visual Studio Version 17
VisualStudioVersion = 17.5.2.0
MinimumVisualStudioVersion = 10.0.40219.1
Project("{FAE04EC0-301F-11D3-BF4B-00C04F79EFBC}") = "MicrophoneVolumeEnforcer", "MicrophoneVolumeEnforcer.csproj", "{BA27CE45-D2DC-762D-5E93-B539CA001B8F}"
EndProject
Global
	GlobalSection(SolutionConfigurationPlatforms) = preSolution
		Debug|Any CPU = Debug|Any CPU
		Release|Any CPU = Release|Any CPU
	EndGlobalSection
	GlobalSection(ProjectConfigurationPlatforms) = postSolution
		{BA27CE45-D2DC-762D-5E93-B539CA001B8F}.Debug|Any CPU.ActiveCfg = Debug|Any CPU
		{BA27CE45-D2DC-762D-5E93-B539CA001B8F}.Debug|Any CPU.Build.0 = Debug|Any CPU
		{BA27CE45-D2DC-762D-5E93-B539CA001B8F}.Release|Any CPU.ActiveCfg = Release|Any CPU
		{BA27CE45-D2DC-762D-5E93-B539CA001B8F}.Release|Any CPU.Build.0 = Release|Any CPU
	EndGlobalSection
	GlobalSection(SolutionProperties) = preSolution
		HideSolutionNode = FALSE
	EndGlobalSection
	GlobalSection(ExtensibilityGlobals) = postSolution
		SolutionGuid = {0B78FFD7-09BB-4AE5-9E0E-DE7D3BF13AF7}
	EndGlobalSection
EndGlobal
